
Microsoft Visual Studio Solution File, Format Version 12.00
# Visual Studio Version 16
VisualStudioVersion = 16.0.31911.196
MinimumVisualStudioVersion = 10.0.40219.1
Project("{FAE04EC0-301F-11D3-BF4B-00C04F79EFBC}") = "lopputyo", "lopputyo.csproj", "{A5A1BB9B-B7E3-444F-80CB-5B299BFAB8AA}"
EndProject
Global
	GlobalSection(SolutionConfigurationPlatforms) = preSolution
		Debug|Any CPU = Debug|Any CPU
		Release|Any CPU = Release|Any CPU
	EndGlobalSection
	GlobalSection(ProjectConfigurationPlatforms) = postSolution
		{A5A1BB9B-B7E3-444F-80CB-5B299BFAB8AA}.Debug|Any CPU.ActiveCfg = Debug|Any CPU
		{A5A1BB9B-B7E3-444F-80CB-5B299BFAB8AA}.Debug|Any CPU.Build.0 = Debug|Any CPU
		{A5A1BB9B-B7E3-444F-80CB-5B299BFAB8AA}.Release|Any CPU.ActiveCfg = Release|Any CPU
		{A5A1BB9B-B7E3-444F-80CB-5B299BFAB8AA}.Release|Any CPU.Build.0 = Release|Any CPU
	EndGlobalSection
	GlobalSection(SolutionProperties) = preSolution
		HideSolutionNode = FALSE
	EndGlobalSection
	GlobalSection(ExtensibilityGlobals) = postSolution
		SolutionGuid = {943A5CE2-1AA0-4E5E-91D1-44697807B925}
	EndGlobalSection
EndGlobal
